// !$*UTF8*$!
{
	archiveVersion = 1;
	classes = {
	};
	objectVersion = 50;
	objects = {

/* Begin PBXBuildFile section */
		E29A5B72268C49AF004AD8A4 /* AppDelegate.swift in Sources */ = {isa = PBXBuildFile; fileRef = E29A5B71268C49AF004AD8A4 /* AppDelegate.swift */; };
		E29A5B74268C49AF004AD8A4 /* SceneDelegate.swift in Sources */ = {isa = PBXBuildFile; fileRef = E29A5B73268C49AF004AD8A4 /* SceneDelegate.swift */; };
		E29A5B79268C49AF004AD8A4 /* Main.storyboard in Resources */ = {isa = PBXBuildFile; fileRef = E29A5B77268C49AF004AD8A4 /* Main.storyboard */; };
		E29A5B7B268C49B0004AD8A4 /* Assets.xcassets in Resources */ = {isa = PBXBuildFile; fileRef = E29A5B7A268C49B0004AD8A4 /* Assets.xcassets */; };
		E29A5B7E268C49B0004AD8A4 /* LaunchScreen.storyboard in Resources */ = {isa = PBXBuildFile; fileRef = E29A5B7C268C49B0004AD8A4 /* LaunchScreen.storyboard */; };
		E29A5B86268C4BCC004AD8A4 /* WeatherDetailCell.swift in Sources */ = {isa = PBXBuildFile; fileRef = E29A5B85268C4BCC004AD8A4 /* WeatherDetailCell.swift */; };
		E29A5B88268C4BEE004AD8A4 /* WeatherVC.swift in Sources */ = {isa = PBXBuildFile; fileRef = E29A5B87268C4BEE004AD8A4 /* WeatherVC.swift */; };
		E29A5B8A268C4C02004AD8A4 /* WeatherDetailVC.swift in Sources */ = {isa = PBXBuildFile; fileRef = E29A5B89268C4C02004AD8A4 /* WeatherDetailVC.swift */; };
		E8A59C6E80DFF2F56786B9D3 /* Pods_WeatherDemo.framework in Frameworks */ = {isa = PBXBuildFile; fileRef = B8D4C581AD8D4AA0DE58AC73 /* Pods_WeatherDemo.framework */; };
/* End PBXBuildFile section */

/* Begin PBXFileReference section */
		1FB4E89E538ABB7E24BD9F09 /* Pods-WeatherDemo.debug.xcconfig */ = {isa = PBXFileReference; includeInIndex = 1; lastKnownFileType = text.xcconfig; name = "Pods-WeatherDemo.debug.xcconfig"; path = "Target Support Files/Pods-WeatherDemo/Pods-WeatherDemo.debug.xcconfig"; sourceTree = "<group>"; };
		B8D4C581AD8D4AA0DE58AC73 /* Pods_WeatherDemo.framework */ = {isa = PBXFileReference; explicitFileType = wrapper.framework; includeInIndex = 0; path = Pods_WeatherDemo.framework; sourceTree = BUILT_PRODUCTS_DIR; };
		E29A5B6E268C49AF004AD8A4 /* WeatherDemo.app */ = {isa = PBXFileReference; explicitFileType = wrapper.application; includeInIndex = 0; path = WeatherDemo.app; sourceTree = BUILT_PRODUCTS_DIR; };
		E29A5B71268C49AF004AD8A4 /* AppDelegate.swift */ = {isa = PBXFileReference; lastKnownFileType = sourcecode.swift; path = AppDelegate.swift; sourceTree = "<group>"; };
		E29A5B73268C49AF004AD8A4 /* SceneDelegate.swift */ = {isa = PBXFileReference; lastKnownFileType = sourcecode.swift; path = SceneDelegate.swift; sourceTree = "<group>"; };
		E29A5B78268C49AF004AD8A4 /* Base */ = {isa = PBXFileReference; lastKnownFileType = file.storyboard; name = Base; path = Base.lproj/Main.storyboard; sourceTree = "<group>"; };
		E29A5B7A268C49B0004AD8A4 /* Assets.xcassets */ = {isa = PBXFileReference; lastKnownFileType = folder.assetcatalog; path = Assets.xcassets; sourceTree = "<group>"; };
		E29A5B7D268C49B0004AD8A4 /* Base */ = {isa = PBXFileReference; lastKnownFileType = file.storyboard; name = Base; path = Base.lproj/LaunchScreen.storyboard; sourceTree = "<group>"; };
		E29A5B7F268C49B0004AD8A4 /* Info.plist */ = {isa = PBXFileReference; lastKnownFileType = text.plist.xml; path = Info.plist; sourceTree = "<group>"; };
		E29A5B85268C4BCC004AD8A4 /* WeatherDetailCell.swift */ = {isa = PBXFileReference; lastKnownFileType = sourcecode.swift; path = WeatherDetailCell.swift; sourceTree = "<group>"; };
		E29A5B87268C4BEE004AD8A4 /* WeatherVC.swift */ = {isa = PBXFileReference; lastKnownFileType = sourcecode.swift; path = WeatherVC.swift; sourceTree = "<group>"; };
		E29A5B89268C4C02004AD8A4 /* WeatherDetailVC.swift */ = {isa = PBXFileReference; lastKnownFileType = sourcecode.swift; path = WeatherDetailVC.swift; sourceTree = "<group>"; };
		FB9D31D23FB113B6118E4AC8 /* Pods-WeatherDemo.release.xcconfig */ = {isa = PBXFileReference; includeInIndex = 1; lastKnownFileType = text.xcconfig; name = "Pods-WeatherDemo.release.xcconfig"; path = "Target Support Files/Pods-WeatherDemo/Pods-WeatherDemo.release.xcconfig"; sourceTree = "<group>"; };
/* End PBXFileReference section */

/* Begin PBXFrameworksBuildPhase section */
		E29A5B6B268C49AF004AD8A4 /* Frameworks */ = {
			isa = PBXFrameworksBuildPhase;
			buildActionMask = 2147483647;
			files = (
				E8A59C6E80DFF2F56786B9D3 /* Pods_WeatherDemo.framework in Frameworks */,
			);
			runOnlyForDeploymentPostprocessing = 0;
		};
/* End PBXFrameworksBuildPhase section */

/* Begin PBXGroup section */
		0BB45AB4DCA69A9D3DA105E2 /* Pods */ = {
			isa = PBXGroup;
			children = (
				1FB4E89E538ABB7E24BD9F09 /* Pods-WeatherDemo.debug.xcconfig */,
				FB9D31D23FB113B6118E4AC8 /* Pods-WeatherDemo.release.xcconfig */,
			);
			name = Pods;
			path = Pods;
			sourceTree = "<group>";
		};
		9315051095F3AC16C11CE0A2 /* Frameworks */ = {
			isa = PBXGroup;
			children = (
				B8D4C581AD8D4AA0DE58AC73 /* Pods_WeatherDemo.framework */,
			);
			name = Frameworks;
			sourceTree = "<group>";
		};
		E29A5B65268C49AF004AD8A4 = {
			isa = PBXGroup;
			children = (
				E29A5B70268C49AF004AD8A4 /* WeatherDemo */,
				E29A5B6F268C49AF004AD8A4 /* Products */,
				0BB45AB4DCA69A9D3DA105E2 /* Pods */,
				9315051095F3AC16C11CE0A2 /* Frameworks */,
			);
			sourceTree = "<group>";
		};
		E29A5B6F268C49AF004AD8A4 /* Products */ = {
			isa = PBXGroup;
			children = (
				E29A5B6E268C49AF004AD8A4 /* WeatherDemo.app */,
			);
			name = Products;
			sourceTree = "<group>";
		};
		E29A5B70268C49AF004AD8A4 /* WeatherDemo */ = {
			isa = PBXGroup;
			children = (
				E29A5B71268C49AF004AD8A4 /* AppDelegate.swift */,
				E29A5B73268C49AF004AD8A4 /* SceneDelegate.swift */,
				E29A5B77268C49AF004AD8A4 /* Main.storyboard */,
				E29A5B7A268C49B0004AD8A4 /* Assets.xcassets */,
				E29A5B7C268C49B0004AD8A4 /* LaunchScreen.storyboard */,
				E29A5B7F268C49B0004AD8A4 /* Info.plist */,
				E29A5B87268C4BEE004AD8A4 /* WeatherVC.swift */,
				E29A5B89268C4C02004AD8A4 /* WeatherDetailVC.swift */,
				E29A5B85268C4BCC004AD8A4 /* WeatherDetailCell.swift */,
			);
			path = WeatherDemo;
			sourceTree = "<group>";
		};
/* End PBXGroup section */

/* Begin PBXNativeTarget section */
		E29A5B6D268C49AF004AD8A4 /* WeatherDemo */ = {
			isa = PBXNativeTarget;
			buildConfigurationList = E29A5B82268C49B0004AD8A4 /* Build configuration list for PBXNativeTarget "WeatherDemo" */;
			buildPhases = (
				4B8F837C36A3E93613EB9E69 /* [CP] Check Pods Manifest.lock */,
				E29A5B6A268C49AF004AD8A4 /* Sources */,
				E29A5B6B268C49AF004AD8A4 /* Frameworks */,
				E29A5B6C268C49AF004AD8A4 /* Resources */,
				09F574C9E0849A8F71F5612E /* [CP] Embed Pods Frameworks */,
			);
			buildRules = (
			);
			dependencies = (
			);
			name = WeatherDemo;
			productName = WeatherDemo;
			productReference = E29A5B6E268C49AF004AD8A4 /* WeatherDemo.app */;
			productType = "com.apple.product-type.application";
		};
/* End PBXNativeTarget section */

/* Begin PBXProject section */
		E29A5B66268C49AF004AD8A4 /* Project object */ = {
			isa = PBXProject;
			attributes = {
				LastSwiftUpdateCheck = 1250;
				LastUpgradeCheck = 1250;
				TargetAttributes = {
					E29A5B6D268C49AF004AD8A4 = {
						CreatedOnToolsVersion = 12.5;
					};
				};
			};
			buildConfigurationList = E29A5B69268C49AF004AD8A4 /* Build configuration list for PBXProject "WeatherDemo" */;
			compatibilityVersion = "Xcode 9.3";
			developmentRegion = en;
			hasScannedForEncodings = 0;
			knownRegions = (
				en,
				Base,
			);
			mainGroup = E29A5B65268C49AF004AD8A4;
			productRefGroup = E29A5B6F268C49AF004AD8A4 /* Products */;
			projectDirPath = "";
			projectRoot = "";
			targets = (
				E29A5B6D268C49AF004AD8A4 /* WeatherDemo */,
			);
		};
/* End PBXProject section */

/* Begin PBXResourcesBuildPhase section */
		E29A5B6C268C49AF004AD8A4 /* Resources */ = {
			isa = PBXResourcesBuildPhase;
			buildActionMask = 2147483647;
			files = (
				E29A5B7E268C49B0004AD8A4 /* LaunchScreen.storyboard in Resources */,
				E29A5B7B268C49B0004AD8A4 /* Assets.xcassets in Resources */,
				E29A5B79268C49AF004AD8A4 /* Main.storyboard in Resources */,
			);
			runOnlyForDeploymentPostprocessing = 0;
		};
/* End PBXResourcesBuildPhase section */

/* Begin PBXShellScriptBuildPhase section */
		09F574C9E0849A8F71F5612E /* [CP] Embed Pods Frameworks */ = {
			isa = PBXShellScriptBuildPhase;
			buildActionMask = 2147483647;
			files = (
			);
			inputFileListPaths = (
				"${PODS_ROOT}/Target Support Files/Pods-WeatherDemo/Pods-WeatherDemo-frameworks-${CONFIGURATION}-input-files.xcfilelist",
			);
			name = "[CP] Embed Pods Frameworks";
			outputFileListPaths = (
				"${PODS_ROOT}/Target Support Files/Pods-WeatherDemo/Pods-WeatherDemo-frameworks-${CONFIGURATION}-output-files.xcfilelist",
			);
			runOnlyForDeploymentPostprocessing = 0;
			shellPath = /bin/sh;
			shellScript = "\"${PODS_ROOT}/Target Support Files/Pods-WeatherDemo/Pods-WeatherDemo-frameworks.sh\"\n";
			showEnvVarsInLog = 0;
		};
		4B8F837C36A3E93613EB9E69 /* [CP] Check Pods Manifest.lock */ = {
			isa = PBXShellScriptBuildPhase;
			buildActionMask = 2147483647;
			files = (
			);
			inputFileListPaths = (
			);
			inputPaths = (
				"${PODS_PODFILE_DIR_PATH}/Podfile.lock",
				"${PODS_ROOT}/Manifest.lock",
			);
			name = "[CP] Check Pods Manifest.lock";
			outputFileListPaths = (
			);
			outputPaths = (
				"$(DERIVED_FILE_DIR)/Pods-WeatherDemo-checkManifestLockResult.txt",
			);
			runOnlyForDeploymentPostprocessing = 0;
			shellPath = /bin/sh;
			shellScript = "diff \"${PODS_PODFILE_DIR_PATH}/Podfile.lock\" \"${PODS_ROOT}/Manifest.lock\" > /dev/null\nif [ $? != 0 ] ; then\n    # print error to STDERR\n    echo \"error: The sandbox is not in sync with the Podfile.lock. Run 'pod install' or update your CocoaPods installation.\" >&2\n    exit 1\nfi\n# This output is used by Xcode 'outputs' to avoid re-running this script phase.\necho \"SUCCESS\" > \"${SCRIPT_OUTPUT_FILE_0}\"\n";
			showEnvVarsInLog = 0;
		};
/* End PBXShellScriptBuildPhase section */

/* Begin PBXSourcesBuildPhase section */
		E29A5B6A268C49AF004AD8A4 /* Sources */ = {
			isa = PBXSourcesBuildPhase;
			buildActionMask = 2147483647;
			files = (
				E29A5B72268C49AF004AD8A4 /* AppDelegate.swift in Sources */,
				E29A5B8A268C4C02004AD8A4 /* WeatherDetailVC.swift in Sources */,
				E29A5B74268C49AF004AD8A4 /* SceneDelegate.swift in Sources */,
				E29A5B86268C4BCC004AD8A4 /* WeatherDetailCell.swift in Sources */,
				E29A5B88268C4BEE004AD8A4 /* WeatherVC.swift in Sources */,
			);
			runOnlyForDeploymentPostprocessing = 0;
		};
/* End PBXSourcesBuildPhase section */

/* Begin PBXVariantGroup section */
		E29A5B77268C49AF004AD8A4 /* Main.storyboard */ = {
			isa = PBXVariantGroup;
			children = (
				E29A5B78268C49AF004AD8A4 /* Base */,
			);
			name = Main.storyboard;
			sourceTree = "<group>";
		};
		E29A5B7C268C49B0004AD8A4 /* LaunchScreen.storyboard */ = {
			isa = PBXVariantGroup;
			children = (
				E29A5B7D268C49B0004AD8A4 /* Base */,
			);
			name = LaunchScreen.storyboard;
			sourceTree = "<group>";
		};
/* End PBXVariantGroup section */

/* Begin XCBuildConfiguration section */
		E29A5B80268C49B0004AD8A4 /* Debug */ = {
			isa = XCBuildConfiguration;
			buildSettings = {
				ALWAYS_SEARCH_USER_PATHS = NO;
				CLANG_ANALYZER_NONNULL = YES;
				CLANG_ANALYZER_NUMBER_OBJECT_CONVERSION = YES_AGGRESSIVE;
				CLANG_CXX_LANGUAGE_STANDARD = "gnu++14";
				CLANG_CXX_LIBRARY = "libc++";
				CLANG_ENABLE_MODULES = YES;
				CLANG_ENABLE_OBJC_ARC = YES;
				CLANG_ENABLE_OBJC_WEAK = YES;
				CLANG_WARN_BLOCK_CAPTURE_AUTORELEASING = YES;
				CLANG_WARN_BOOL_CONVERSION = YES;
				CLANG_WARN_COMMA = YES;
				CLANG_WARN_CONSTANT_CONVERSION = YES;
				CLANG_WARN_DEPRECATED_OBJC_IMPLEMENTATIONS = YES;
				CLANG_WARN_DIRECT_OBJC_ISA_USAGE = YES_ERROR;
				CLANG_WARN_DOCUMENTATION_COMMENTS = YES;
				CLANG_WARN_EMPTY_BODY = YES;
				CLANG_WARN_ENUM_CONVERSION = YES;
				CLANG_WARN_INFINITE_RECURSION = YES;
				CLANG_WARN_INT_CONVERSION = YES;
				CLANG_WARN_NON_LITERAL_NULL_CONVERSION = YES;
				CLANG_WARN_OBJC_IMPLICIT_RETAIN_SELF = YES;
				CLANG_WARN_OBJC_LITERAL_CONVERSION = YES;
				CLANG_WARN_OBJC_ROOT_CLASS = YES_ERROR;
				CLANG_WARN_QUOTED_INCLUDE_IN_FRAMEWORK_HEADER = YES;
				CLANG_WARN_RANGE_LOOP_ANALYSIS = YES;
				CLANG_WARN_STRICT_PROTOTYPES = YES;
				CLANG_WARN_SUSPICIOUS_MOVE = YES;
				CLANG_WARN_UNGUARDED_AVAILABILITY = YES_AGGRESSIVE;
				CLANG_WARN_UNREACHABLE_CODE = YES;
				CLANG_WARN__DUPLICATE_METHOD_MATCH = YES;
				COPY_PHASE_STRIP = NO;
				DEBUG_INFORMATION_FORMAT = dwarf;
				ENABLE_STRICT_OBJC_MSGSEND = YES;
				ENABLE_TESTABILITY = YES;
				GCC_C_LANGUAGE_STANDARD = gnu11;
				GCC_DYNAMIC_NO_PIC = NO;
				GCC_NO_COMMON_BLOCKS = YES;
				GCC_OPTIMIZATION_LEVEL = 0;
				GCC_PREPROCESSOR_DEFINITIONS = (
					"DEBUG=1",
					"$(inherited)",
				);
				GCC_WARN_64_TO_32_BIT_CONVERSION = YES;
				GCC_WARN_ABOUT_RETURN_TYPE = YES_ERROR;
				GCC_WARN_UNDECLARED_SELECTOR = YES;
				GCC_WARN_UNINITIALIZED_AUTOS = YES_AGGRESSIVE;
				GCC_WARN_UNUSED_FUNCTION = YES;
				GCC_WARN_UNUSED_VARIABLE = YES;
				IPHONEOS_DEPLOYMENT_TARGET = 14.5;
				MTL_ENABLE_DEBUG_INFO = INCLUDE_SOURCE;
				MTL_FAST_MATH = YES;
				ONLY_ACTIVE_ARCH = YES;
				SDKROOT = iphoneos;
				SWIFT_ACTIVE_COMPILATION_CONDITIONS = DEBUG;
				SWIFT_OPTIMIZATION_LEVEL = "-Onone";
			};
			name = Debug;
		};
		E29A5B81268C49B0004AD8A4 /* Release */ = {
			isa = XCBuildConfiguration;
			buildSettings = {
				ALWAYS_SEARCH_USER_PATHS = NO;
				CLANG_ANALYZER_NONNULL = YES;
				CLANG_ANALYZER_NUMBER_OBJECT_CONVERSION = YES_AGGRESSIVE;
				CLANG_CXX_LANGUAGE_STANDARD = "gnu++14";
				CLANG_CXX_LIBRARY = "libc++";
				CLANG_ENABLE_MODULES = YES;
				CLANG_ENABLE_OBJC_ARC = YES;
				CLANG_ENABLE_OBJC_WEAK = YES;
				CLANG_WARN_BLOCK_CAPTURE_AUTORELEASING = YES;
				CLANG_WARN_BOOL_CONVERSION = YES;
				CLANG_WARN_COMMA = YES;
				CLANG_WARN_CONSTANT_CONVERSION = YES;
				CLANG_WARN_DEPRECATED_OBJC_IMPLEMENTATIONS = YES;
				CLANG_WARN_DIRECT_OBJC_ISA_USAGE = YES_ERROR;
				CLANG_WARN_DOCUMENTATION_COMMENTS = YES;
				CLANG_WARN_EMPTY_BODY = YES;
				CLANG_WARN_ENUM_CONVERSION = YES;
				CLANG_WARN_INFINITE_RECURSION = YES;
				CLANG_WARN_INT_CONVERSION = YES;
				CLANG_WARN_NON_LITERAL_NULL_CONVERSION = YES;
				CLANG_WARN_OBJC_IMPLICIT_RETAIN_SELF = YES;
				CLANG_WARN_OBJC_LITERAL_CONVERSION = YES;
				CLANG_WARN_OBJC_ROOT_CLASS = YES_ERROR;
				CLANG_WARN_QUOTED_INCLUDE_IN_FRAMEWORK_HEADER = YES;
				CLANG_WARN_RANGE_LOOP_ANALYSIS = YES;
				CLANG_WARN_STRICT_PROTOTYPES = YES;
				CLANG_WARN_SUSPICIOUS_MOVE = YES;
				CLANG_WARN_UNGUARDED_AVAILABILITY = YES_AGGRESSIVE;
				CLANG_WARN_UNREACHABLE_CODE = YES;
				CLANG_WARN__DUPLICATE_METHOD_MATCH = YES;
				COPY_PHASE_STRIP = NO;
				DEBUG_INFORMATION_FORMAT = "dwarf-with-dsym";
				ENABLE_NS_ASSERTIONS = NO;
				ENABLE_STRICT_OBJC_MSGSEND = YES;
				GCC_C_LANGUAGE_STANDARD = gnu11;
				GCC_NO_COMMON_BLOCKS = YES;
				GCC_WARN_64_TO_32_BIT_CONVERSION = YES;
				GCC_WARN_ABOUT_RETURN_TYPE = YES_ERROR;
				GCC_WARN_UNDECLARED_SELECTOR = YES;
				GCC_WARN_UNINITIALIZED_AUTOS = YES_AGGRESSIVE;
				GCC_WARN_UNUSED_FUNCTION = YES;
				GCC_WARN_UNUSED_VARIABLE = YES;
				IPHONEOS_DEPLOYMENT_TARGET = 14.5;
				MTL_ENABLE_DEBUG_INFO = NO;
				MTL_FAST_MATH = YES;
				SDKROOT = iphoneos;
				SWIFT_COMPILATION_MODE = wholemodule;
				SWIFT_OPTIMIZATION_LEVEL = "-O";
				VALIDATE_PRODUCT = YES;
			};
			name = Release;
		};
		E29A5B83268C49B0004AD8A4 /* Debug */ = {
			isa = XCBuildConfiguration;
			baseConfigurationReference = 1FB4E89E538ABB7E24BD9F09 /* Pods-WeatherDemo.debug.xcconfig */;
			buildSettings = {
				ASSETCATALOG_COMPILER_APPICON_NAME = AppIcon;
				ASSETCATALOG_COMPILER_GLOBAL_ACCENT_COLOR_NAME = AccentColor;
				CODE_SIGN_STYLE = Automatic;
				DEVELOPMENT_TEAM = F8E94N39H3;
				INFOPLIST_FILE = WeatherDemo/Info.plist;
				LD_RUNPATH_SEARCH_PATHS = (
					"$(inherited)",
					"@executable_path/Frameworks",
				);
				PRODUCT_BUNDLE_IDENTIFIER = softwaremerchant.WeatherDemo;
				PRODUCT_NAME = "$(TARGET_NAME)";
				SWIFT_VERSION = 5.0;
				TARGETED_DEVICE_FAMILY = "1,2";
			};
			name = Debug;
		};
		E29A5B84268C49B0004AD8A4 /* Release */ = {
			isa = XCBuildConfiguration;
			baseConfigurationReference = FB9D31D23FB113B6118E4AC8 /* Pods-WeatherDemo.release.xcconfig */;
			buildSettings = {
				ASSETCATALOG_COMPILER_APPICON_NAME = AppIcon;
				ASSETCATALOG_COMPILER_GLOBAL_ACCENT_COLOR_NAME = AccentColor;
				CODE_SIGN_STYLE = Automatic;
				DEVELOPMENT_TEAM = F8E94N39H3;
				INFOPLIST_FILE = WeatherDemo/Info.plist;
				LD_RUNPATH_SEARCH_PATHS = (
					"$(inherited)",
					"@executable_path/Frameworks",
				);
				PRODUCT_BUNDLE_IDENTIFIER = softwaremerchant.WeatherDemo;
				PRODUCT_NAME = "$(TARGET_NAME)";
				SWIFT_VERSION = 5.0;
				TARGETED_DEVICE_FAMILY = "1,2";
			};
			name = Release;
		};
/* End XCBuildConfiguration section */

/* Begin XCConfigurationList section */
		E29A5B69268C49AF004AD8A4 /* Build configuration list for PBXProject "WeatherDemo" */ = {
			isa = XCConfigurationList;
			buildConfigurations = (
				E29A5B80268C49B0004AD8A4 /* Debug */,
				E29A5B81268C49B0004AD8A4 /* Release */,
			);
			defaultConfigurationIsVisible = 0;
			defaultConfigurationName = Release;
		};
		E29A5B82268C49B0004AD8A4 /* Build configuration list for PBXNativeTarget "WeatherDemo" */ = {
			isa = XCConfigurationList;
			buildConfigurations = (
				E29A5B83268C49B0004AD8A4 /* Debug */,
				E29A5B84268C49B0004AD8A4 /* Release */,
			);
			defaultConfigurationIsVisible = 0;
			defaultConfigurationName = Release;
		};
/* End XCConfigurationList section */
	};
	rootObject = E29A5B66268C49AF004AD8A4 /* Project object */;
}
